// !$*UTF8*$!
{
	archiveVersion = 1;
	classes = {
	};
	objectVersion = 55;
	objects = {

/* Begin PBXBuildFile section */
		4704EFCE2849CB8000A6E0B0 /* SplashScreenView.swift in Sources */ = {isa = PBXBuildFile; fileRef = 4704EFCD2849CB8000A6E0B0 /* SplashScreenView.swift */; };
		471D58402804550B00230C4D /* iTextField in Frameworks */ = {isa = PBXBuildFile; productRef = 471D583F2804550B00230C4D /* iTextField */; };
		471D58432804553D00230C4D /* SwiftUIX in Frameworks */ = {isa = PBXBuildFile; productRef = 471D58422804553D00230C4D /* SwiftUIX */; };
		47243F692804354D0052C0EA /* iTextField in Frameworks */ = {isa = PBXBuildFile; productRef = 47243F682804354D0052C0EA /* iTextField */; };
		476121C027E99CD6006F6D4F /* SearchWordView.swift in Sources */ = {isa = PBXBuildFile; fileRef = 476121BF27E99CD6006F6D4F /* SearchWordView.swift */; };
		4769CDF12844B36500D1BA93 /* bartimeus6dots.ttf in Resources */ = {isa = PBXBuildFile; fileRef = 4769CDF02844B36500D1BA93 /* bartimeus6dots.ttf */; };
		476C31B9279EB25C004D1133 /* BrailleApp.swift in Sources */ = {isa = PBXBuildFile; fileRef = 476C31B8279EB25C004D1133 /* BrailleApp.swift */; };
		476C31BB279EB25C004D1133 /* ContentView.swift in Sources */ = {isa = PBXBuildFile; fileRef = 476C31BA279EB25C004D1133 /* ContentView.swift */; };
		476C31BD279EB25D004D1133 /* Assets.xcassets in Resources */ = {isa = PBXBuildFile; fileRef = 476C31BC279EB25D004D1133 /* Assets.xcassets */; };
		476C31C0279EB25D004D1133 /* Preview Assets.xcassets in Resources */ = {isa = PBXBuildFile; fileRef = 476C31BF279EB25D004D1133 /* Preview Assets.xcassets */; };
		4791346B283255B100DDEC94 /* methods.json in Resources */ = {isa = PBXBuildFile; fileRef = 4791346A283255B100DDEC94 /* methods.json */; };
		4791346D283255C400DDEC94 /* methods.swift in Sources */ = {isa = PBXBuildFile; fileRef = 4791346C283255C400DDEC94 /* methods.swift */; };
		47B8435727DF31E80079E188 /* SettingsView.swift in Sources */ = {isa = PBXBuildFile; fileRef = 47B8435627DF31E80079E188 /* SettingsView.swift */; };
		47B8435927DF331E0079E188 /* InformationView.swift in Sources */ = {isa = PBXBuildFile; fileRef = 47B8435827DF331E0079E188 /* InformationView.swift */; };
		47B8435B27DF33320079E188 /* PlaygroundView.swift in Sources */ = {isa = PBXBuildFile; fileRef = 47B8435A27DF33320079E188 /* PlaygroundView.swift */; };
		47B8435D27DF353F0079E188 /* AudioView.swift in Sources */ = {isa = PBXBuildFile; fileRef = 47B8435C27DF353F0079E188 /* AudioView.swift */; };
		47FABF7927D9C8D600774CF6 /* sample4.mp3 in Resources */ = {isa = PBXBuildFile; fileRef = 47FABF7427D9C8D600774CF6 /* sample4.mp3 */; };
		47FABF7A27D9C8D600774CF6 /* sample2.mp3 in Resources */ = {isa = PBXBuildFile; fileRef = 47FABF7527D9C8D600774CF6 /* sample2.mp3 */; };
		47FABF7B27D9C8D600774CF6 /* sample3.mp3 in Resources */ = {isa = PBXBuildFile; fileRef = 47FABF7627D9C8D600774CF6 /* sample3.mp3 */; };
		47FABF7C27D9C8D600774CF6 /* sample1.mp3 in Resources */ = {isa = PBXBuildFile; fileRef = 47FABF7727D9C8D600774CF6 /* sample1.mp3 */; };
		47FABF7D27D9C8D600774CF6 /* Symphony No.6 (1st movement).mp3 in Resources */ = {isa = PBXBuildFile; fileRef = 47FABF7827D9C8D600774CF6 /* Symphony No.6 (1st movement).mp3 */; };
/* End PBXBuildFile section */

/* Begin PBXContainerItemProxy section */
		476C31C6279EB25D004D1133 /* PBXContainerItemProxy */ = {
			isa = PBXContainerItemProxy;
			containerPortal = 476C31AD279EB25C004D1133 /* Project object */;
			proxyType = 1;
			remoteGlobalIDString = 476C31B4279EB25C004D1133;
			remoteInfo = Braille;
		};
		476C31D0279EB25D004D1133 /* PBXContainerItemProxy */ = {
			isa = PBXContainerItemProxy;
			containerPortal = 476C31AD279EB25C004D1133 /* Project object */;
			proxyType = 1;
			remoteGlobalIDString = 476C31B4279EB25C004D1133;
			remoteInfo = Braille;
		};
/* End PBXContainerItemProxy section */

/* Begin PBXFileReference section */
		4704EFCD2849CB8000A6E0B0 /* SplashScreenView.swift */ = {isa = PBXFileReference; lastKnownFileType = sourcecode.swift; path = SplashScreenView.swift; sourceTree = "<group>"; };
		476121BF27E99CD6006F6D4F /* SearchWordView.swift */ = {isa = PBXFileReference; lastKnownFileType = sourcecode.swift; path = SearchWordView.swift; sourceTree = "<group>"; };
		4769CDF02844B36500D1BA93 /* bartimeus6dots.ttf */ = {isa = PBXFileReference; lastKnownFileType = file; path = bartimeus6dots.ttf; sourceTree = "<group>"; };
		476C31B5279EB25C004D1133 /* iBraille.app */ = {isa = PBXFileReference; explicitFileType = wrapper.application; includeInIndex = 0; path = iBraille.app; sourceTree = BUILT_PRODUCTS_DIR; };
		476C31B8279EB25C004D1133 /* BrailleApp.swift */ = {isa = PBXFileReference; lastKnownFileType = sourcecode.swift; path = BrailleApp.swift; sourceTree = "<group>"; };
		476C31BA279EB25C004D1133 /* ContentView.swift */ = {isa = PBXFileReference; lastKnownFileType = sourcecode.swift; path = ContentView.swift; sourceTree = "<group>"; };
		476C31BC279EB25D004D1133 /* Assets.xcassets */ = {isa = PBXFileReference; lastKnownFileType = folder.assetcatalog; path = Assets.xcassets; sourceTree = "<group>"; };
		476C31BF279EB25D004D1133 /* Preview Assets.xcassets */ = {isa = PBXFileReference; lastKnownFileType = folder.assetcatalog; path = "Preview Assets.xcassets"; sourceTree = "<group>"; };
		476C31C5279EB25D004D1133 /* BrailleTests.xctest */ = {isa = PBXFileReference; explicitFileType = wrapper.cfbundle; includeInIndex = 0; path = BrailleTests.xctest; sourceTree = BUILT_PRODUCTS_DIR; };
		476C31CF279EB25D004D1133 /* BrailleUITests.xctest */ = {isa = PBXFileReference; explicitFileType = wrapper.cfbundle; includeInIndex = 0; path = BrailleUITests.xctest; sourceTree = BUILT_PRODUCTS_DIR; };
		4791346A283255B100DDEC94 /* methods.json */ = {isa = PBXFileReference; fileEncoding = 4; lastKnownFileType = text.json; name = methods.json; path = Braille/methods.json; sourceTree = SOURCE_ROOT; };
		4791346C283255C400DDEC94 /* methods.swift */ = {isa = PBXFileReference; fileEncoding = 4; lastKnownFileType = sourcecode.swift; path = methods.swift; sourceTree = "<group>"; };
		47B8435627DF31E80079E188 /* SettingsView.swift */ = {isa = PBXFileReference; lastKnownFileType = sourcecode.swift; path = SettingsView.swift; sourceTree = "<group>"; };
		47B8435827DF331E0079E188 /* InformationView.swift */ = {isa = PBXFileReference; lastKnownFileType = sourcecode.swift; path = InformationView.swift; sourceTree = "<group>"; };
		47B8435A27DF33320079E188 /* PlaygroundView.swift */ = {isa = PBXFileReference; lastKnownFileType = sourcecode.swift; path = PlaygroundView.swift; sourceTree = "<group>"; };
		47B8435C27DF353F0079E188 /* AudioView.swift */ = {isa = PBXFileReference; lastKnownFileType = sourcecode.swift; path = AudioView.swift; sourceTree = "<group>"; };
		47FABF7427D9C8D600774CF6 /* sample4.mp3 */ = {isa = PBXFileReference; lastKnownFileType = audio.mp3; path = sample4.mp3; sourceTree = "<group>"; };
		47FABF7527D9C8D600774CF6 /* sample2.mp3 */ = {isa = PBXFileReference; lastKnownFileType = audio.mp3; path = sample2.mp3; sourceTree = "<group>"; };
		47FABF7627D9C8D600774CF6 /* sample3.mp3 */ = {isa = PBXFileReference; lastKnownFileType = audio.mp3; path = sample3.mp3; sourceTree = "<group>"; };
		47FABF7727D9C8D600774CF6 /* sample1.mp3 */ = {isa = PBXFileReference; lastKnownFileType = audio.mp3; path = sample1.mp3; sourceTree = "<group>"; };
		47FABF7827D9C8D600774CF6 /* Symphony No.6 (1st movement).mp3 */ = {isa = PBXFileReference; lastKnownFileType = audio.mp3; path = "Symphony No.6 (1st movement).mp3"; sourceTree = "<group>"; };
/* End PBXFileReference section */

/* Begin PBXFrameworksBuildPhase section */
		476C31B2279EB25C004D1133 /* Frameworks */ = {
			isa = PBXFrameworksBuildPhase;
			buildActionMask = 2147483647;
			files = (
				471D58432804553D00230C4D /* SwiftUIX in Frameworks */,
				471D58402804550B00230C4D /* iTextField in Frameworks */,
				47243F692804354D0052C0EA /* iTextField in Frameworks */,
			);
			runOnlyForDeploymentPostprocessing = 0;
		};
		476C31C2279EB25D004D1133 /* Frameworks */ = {
			isa = PBXFrameworksBuildPhase;
			buildActionMask = 2147483647;
			files = (
			);
			runOnlyForDeploymentPostprocessing = 0;
		};
		476C31CC279EB25D004D1133 /* Frameworks */ = {
			isa = PBXFrameworksBuildPhase;
			buildActionMask = 2147483647;
			files = (
			);
			runOnlyForDeploymentPostprocessing = 0;
		};
/* End PBXFrameworksBuildPhase section */

/* Begin PBXGroup section */
		476C31AC279EB25C004D1133 = {
			isa = PBXGroup;
			children = (
				476C31B7279EB25C004D1133 /* Braille */,
				476C31B6279EB25C004D1133 /* Products */,
			);
			sourceTree = "<group>";
		};
		476C31B6279EB25C004D1133 /* Products */ = {
			isa = PBXGroup;
			children = (
				476C31B5279EB25C004D1133 /* iBraille.app */,
				476C31C5279EB25D004D1133 /* BrailleTests.xctest */,
				476C31CF279EB25D004D1133 /* BrailleUITests.xctest */,
			);
			name = Products;
			sourceTree = "<group>";
		};
		476C31B7279EB25C004D1133 /* Braille */ = {
			isa = PBXGroup;
			children = (
				4769CDF02844B36500D1BA93 /* bartimeus6dots.ttf */,
				4791346A283255B100DDEC94 /* methods.json */,
				4791346C283255C400DDEC94 /* methods.swift */,
				476C31B8279EB25C004D1133 /* BrailleApp.swift */,
				476C31BA279EB25C004D1133 /* ContentView.swift */,
				4704EFCD2849CB8000A6E0B0 /* SplashScreenView.swift */,
				47B8435627DF31E80079E188 /* SettingsView.swift */,
				47B8435C27DF353F0079E188 /* AudioView.swift */,
				47B8435827DF331E0079E188 /* InformationView.swift */,
				47B8435A27DF33320079E188 /* PlaygroundView.swift */,
				476121BF27E99CD6006F6D4F /* SearchWordView.swift */,
				476C31BC279EB25D004D1133 /* Assets.xcassets */,
				47FABF7327D9044300774CF6 /* Audio */,
				476C31BE279EB25D004D1133 /* Preview Content */,
			);
			path = Braille;
			sourceTree = "<group>";
		};
		476C31BE279EB25D004D1133 /* Preview Content */ = {
			isa = PBXGroup;
			children = (
				476C31BF279EB25D004D1133 /* Preview Assets.xcassets */,
			);
			path = "Preview Content";
			sourceTree = "<group>";
		};
		47FABF7327D9044300774CF6 /* Audio */ = {
			isa = PBXGroup;
			children = (
				47FABF7727D9C8D600774CF6 /* sample1.mp3 */,
				47FABF7527D9C8D600774CF6 /* sample2.mp3 */,
				47FABF7627D9C8D600774CF6 /* sample3.mp3 */,
				47FABF7427D9C8D600774CF6 /* sample4.mp3 */,
				47FABF7827D9C8D600774CF6 /* Symphony No.6 (1st movement).mp3 */,
			);
			path = Audio;
			sourceTree = "<group>";
		};
/* End PBXGroup section */

/* Begin PBXNativeTarget section */
		476C31B4279EB25C004D1133 /* Braille */ = {
			isa = PBXNativeTarget;
			buildConfigurationList = 476C31D9279EB25D004D1133 /* Build configuration list for PBXNativeTarget "Braille" */;
			buildPhases = (
				476C31B1279EB25C004D1133 /* Sources */,
				476C31B2279EB25C004D1133 /* Frameworks */,
				476C31B3279EB25C004D1133 /* Resources */,
			);
			buildRules = (
			);
			dependencies = (
			);
			name = Braille;
			packageProductDependencies = (
				47243F682804354D0052C0EA /* iTextField */,
				471D583F2804550B00230C4D /* iTextField */,
				471D58422804553D00230C4D /* SwiftUIX */,
			);
			productName = Braille;
			productReference = 476C31B5279EB25C004D1133 /* iBraille.app */;
			productType = "com.apple.product-type.application";
		};
		476C31C4279EB25D004D1133 /* BrailleTests */ = {
			isa = PBXNativeTarget;
			buildConfigurationList = 476C31DC279EB25D004D1133 /* Build configuration list for PBXNativeTarget "BrailleTests" */;
			buildPhases = (
				476C31C1279EB25D004D1133 /* Sources */,
				476C31C2279EB25D004D1133 /* Frameworks */,
				476C31C3279EB25D004D1133 /* Resources */,
			);
			buildRules = (
			);
			dependencies = (
				476C31C7279EB25D004D1133 /* PBXTargetDependency */,
			);
			name = BrailleTests;
			productName = BrailleTests;
			productReference = 476C31C5279EB25D004D1133 /* BrailleTests.xctest */;
			productType = "com.apple.product-type.bundle.unit-test";
		};
		476C31CE279EB25D004D1133 /* BrailleUITests */ = {
			isa = PBXNativeTarget;
			buildConfigurationList = 476C31DF279EB25D004D1133 /* Build configuration list for PBXNativeTarget "BrailleUITests" */;
			buildPhases = (
				476C31CB279EB25D004D1133 /* Sources */,
				476C31CC279EB25D004D1133 /* Frameworks */,
				476C31CD279EB25D004D1133 /* Resources */,
			);
			buildRules = (
			);
			dependencies = (
				476C31D1279EB25D004D1133 /* PBXTargetDependency */,
			);
			name = BrailleUITests;
			productName = BrailleUITests;
			productReference = 476C31CF279EB25D004D1133 /* BrailleUITests.xctest */;
			productType = "com.apple.product-type.bundle.ui-testing";
		};
/* End PBXNativeTarget section */

/* Begin PBXProject section */
		476C31AD279EB25C004D1133 /* Project object */ = {
			isa = PBXProject;
			attributes = {
				BuildIndependentTargetsInParallel = 1;
				LastSwiftUpdateCheck = 1320;
				LastUpgradeCheck = 1320;
				TargetAttributes = {
					476C31B4279EB25C004D1133 = {
						CreatedOnToolsVersion = 13.2.1;
					};
					476C31C4279EB25D004D1133 = {
						CreatedOnToolsVersion = 13.2.1;
						TestTargetID = 476C31B4279EB25C004D1133;
					};
					476C31CE279EB25D004D1133 = {
						CreatedOnToolsVersion = 13.2.1;
						TestTargetID = 476C31B4279EB25C004D1133;
					};
				};
			};
			buildConfigurationList = 476C31B0279EB25C004D1133 /* Build configuration list for PBXProject "Braille" */;
			compatibilityVersion = "Xcode 13.0";
			developmentRegion = en;
			hasScannedForEncodings = 0;
			knownRegions = (
				en,
				Base,
			);
			mainGroup = 476C31AC279EB25C004D1133;
			packageReferences = (
				47243F672804354D0052C0EA /* XCRemoteSwiftPackageReference "iTextField" */,
				471D583E2804550B00230C4D /* XCRemoteSwiftPackageReference "iTextField" */,
				471D58412804553D00230C4D /* XCRemoteSwiftPackageReference "SwiftUIX" */,
			);
			productRefGroup = 476C31B6279EB25C004D1133 /* Products */;
			projectDirPath = "";
			projectRoot = "";
			targets = (
				476C31B4279EB25C004D1133 /* Braille */,
				476C31C4279EB25D004D1133 /* BrailleTests */,
				476C31CE279EB25D004D1133 /* BrailleUITests */,
			);
		};
/* End PBXProject section */

/* Begin PBXResourcesBuildPhase section */
		476C31B3279EB25C004D1133 /* Resources */ = {
			isa = PBXResourcesBuildPhase;
			buildActionMask = 2147483647;
			files = (
				4791346B283255B100DDEC94 /* methods.json in Resources */,
				476C31C0279EB25D004D1133 /* Preview Assets.xcassets in Resources */,
				4769CDF12844B36500D1BA93 /* bartimeus6dots.ttf in Resources */,
				47FABF7B27D9C8D600774CF6 /* sample3.mp3 in Resources */,
				47FABF7C27D9C8D600774CF6 /* sample1.mp3 in Resources */,
				47FABF7D27D9C8D600774CF6 /* Symphony No.6 (1st movement).mp3 in Resources */,
				47FABF7A27D9C8D600774CF6 /* sample2.mp3 in Resources */,
				476C31BD279EB25D004D1133 /* Assets.xcassets in Resources */,
				47FABF7927D9C8D600774CF6 /* sample4.mp3 in Resources */,
			);
			runOnlyForDeploymentPostprocessing = 0;
		};
		476C31C3279EB25D004D1133 /* Resources */ = {
			isa = PBXResourcesBuildPhase;
			buildActionMask = 2147483647;
			files = (
			);
			runOnlyForDeploymentPostprocessing = 0;
		};
		476C31CD279EB25D004D1133 /* Resources */ = {
			isa = PBXResourcesBuildPhase;
			buildActionMask = 2147483647;
			files = (
			);
			runOnlyForDeploymentPostprocessing = 0;
		};
/* End PBXResourcesBuildPhase section */

/* Begin PBXSourcesBuildPhase section */
		476C31B1279EB25C004D1133 /* Sources */ = {
			isa = PBXSourcesBuildPhase;
			buildActionMask = 2147483647;
			files = (
				47B8435727DF31E80079E188 /* SettingsView.swift in Sources */,
				476121C027E99CD6006F6D4F /* SearchWordView.swift in Sources */,
				4704EFCE2849CB8000A6E0B0 /* SplashScreenView.swift in Sources */,
				47B8435D27DF353F0079E188 /* AudioView.swift in Sources */,
				47B8435B27DF33320079E188 /* PlaygroundView.swift in Sources */,
				4791346D283255C400DDEC94 /* methods.swift in Sources */,
				47B8435927DF331E0079E188 /* InformationView.swift in Sources */,
				476C31BB279EB25C004D1133 /* ContentView.swift in Sources */,
				476C31B9279EB25C004D1133 /* BrailleApp.swift in Sources */,
			);
			runOnlyForDeploymentPostprocessing = 0;
		};
		476C31C1279EB25D004D1133 /* Sources */ = {
			isa = PBXSourcesBuildPhase;
			buildActionMask = 2147483647;
			files = (
			);
			runOnlyForDeploymentPostprocessing = 0;
		};
		476C31CB279EB25D004D1133 /* Sources */ = {
			isa = PBXSourcesBuildPhase;
			buildActionMask = 2147483647;
			files = (
			);
			runOnlyForDeploymentPostprocessing = 0;
		};
/* End PBXSourcesBuildPhase section */

/* Begin PBXTargetDependency section */
		476C31C7279EB25D004D1133 /* PBXTargetDependency */ = {
			isa = PBXTargetDependency;
			target = 476C31B4279EB25C004D1133 /* Braille */;
			targetProxy = 476C31C6279EB25D004D1133 /* PBXContainerItemProxy */;
		};
		476C31D1279EB25D004D1133 /* PBXTargetDependency */ = {
			isa = PBXTargetDependency;
			target = 476C31B4279EB25C004D1133 /* Braille */;
			targetProxy = 476C31D0279EB25D004D1133 /* PBXContainerItemProxy */;
		};
/* End PBXTargetDependency section */

/* Begin XCBuildConfiguration section */
		476C31D7279EB25D004D1133 /* Debug */ = {
			isa = XCBuildConfiguration;
			buildSettings = {
				ALWAYS_SEARCH_USER_PATHS = NO;
				CLANG_ANALYZER_NONNULL = YES;
				CLANG_ANALYZER_NUMBER_OBJECT_CONVERSION = YES_AGGRESSIVE;
				CLANG_CXX_LANGUAGE_STANDARD = "gnu++17";
				CLANG_CXX_LIBRARY = "libc++";
				CLANG_ENABLE_MODULES = YES;
				CLANG_ENABLE_OBJC_ARC = YES;
				CLANG_ENABLE_OBJC_WEAK = YES;
				CLANG_WARN_BLOCK_CAPTURE_AUTORELEASING = YES;
				CLANG_WARN_BOOL_CONVERSION = YES;
				CLANG_WARN_COMMA = YES;
				CLANG_WARN_CONSTANT_CONVERSION = YES;
				CLANG_WARN_DEPRECATED_OBJC_IMPLEMENTATIONS = YES;
				CLANG_WARN_DIRECT_OBJC_ISA_USAGE = YES_ERROR;
				CLANG_WARN_DOCUMENTATION_COMMENTS = YES;
				CLANG_WARN_EMPTY_BODY = YES;
				CLANG_WARN_ENUM_CONVERSION = YES;
				CLANG_WARN_INFINITE_RECURSION = YES;
				CLANG_WARN_INT_CONVERSION = YES;
				CLANG_WARN_NON_LITERAL_NULL_CONVERSION = YES;
				CLANG_WARN_OBJC_IMPLICIT_RETAIN_SELF = YES;
				CLANG_WARN_OBJC_LITERAL_CONVERSION = YES;
				CLANG_WARN_OBJC_ROOT_CLASS = YES_ERROR;
				CLANG_WARN_QUOTED_INCLUDE_IN_FRAMEWORK_HEADER = YES;
				CLANG_WARN_RANGE_LOOP_ANALYSIS = YES;
				CLANG_WARN_STRICT_PROTOTYPES = YES;
				CLANG_WARN_SUSPICIOUS_MOVE = YES;
				CLANG_WARN_UNGUARDED_AVAILABILITY = YES_AGGRESSIVE;
				CLANG_WARN_UNREACHABLE_CODE = YES;
				CLANG_WARN__DUPLICATE_METHOD_MATCH = YES;
				COPY_PHASE_STRIP = NO;
				DEBUG_INFORMATION_FORMAT = dwarf;
				ENABLE_STRICT_OBJC_MSGSEND = YES;
				ENABLE_TESTABILITY = YES;
				GCC_C_LANGUAGE_STANDARD = gnu11;
				GCC_DYNAMIC_NO_PIC = NO;
				GCC_NO_COMMON_BLOCKS = YES;
				GCC_OPTIMIZATION_LEVEL = 0;
				GCC_PREPROCESSOR_DEFINITIONS = (
					"DEBUG=1",
					"$(inherited)",
				);
				GCC_WARN_64_TO_32_BIT_CONVERSION = YES;
				GCC_WARN_ABOUT_RETURN_TYPE = YES_ERROR;
				GCC_WARN_UNDECLARED_SELECTOR = YES;
				GCC_WARN_UNINITIALIZED_AUTOS = YES_AGGRESSIVE;
				GCC_WARN_UNUSED_FUNCTION = YES;
				GCC_WARN_UNUSED_VARIABLE = YES;
				IPHONEOS_DEPLOYMENT_TARGET = 15.2;
				MTL_ENABLE_DEBUG_INFO = INCLUDE_SOURCE;
				MTL_FAST_MATH = YES;
				ONLY_ACTIVE_ARCH = YES;
				SDKROOT = iphoneos;
				SWIFT_ACTIVE_COMPILATION_CONDITIONS = DEBUG;
				SWIFT_OPTIMIZATION_LEVEL = "-Onone";
			};
			name = Debug;
		};
		476C31D8279EB25D004D1133 /* Release */ = {
			isa = XCBuildConfiguration;
			buildSettings = {
				ALWAYS_SEARCH_USER_PATHS = NO;
				CLANG_ANALYZER_NONNULL = YES;
				CLANG_ANALYZER_NUMBER_OBJECT_CONVERSION = YES_AGGRESSIVE;
				CLANG_CXX_LANGUAGE_STANDARD = "gnu++17";
				CLANG_CXX_LIBRARY = "libc++";
				CLANG_ENABLE_MODULES = YES;
				CLANG_ENABLE_OBJC_ARC = YES;
				CLANG_ENABLE_OBJC_WEAK = YES;
				CLANG_WARN_BLOCK_CAPTURE_AUTORELEASING = YES;
				CLANG_WARN_BOOL_CONVERSION = YES;
				CLANG_WARN_COMMA = YES;
				CLANG_WARN_CONSTANT_CONVERSION = YES;
				CLANG_WARN_DEPRECATED_OBJC_IMPLEMENTATIONS = YES;
				CLANG_WARN_DIRECT_OBJC_ISA_USAGE = YES_ERROR;
				CLANG_WARN_DOCUMENTATION_COMMENTS = YES;
				CLANG_WARN_EMPTY_BODY = YES;
				CLANG_WARN_ENUM_CONVERSION = YES;
				CLANG_WARN_INFINITE_RECURSION = YES;
				CLANG_WARN_INT_CONVERSION = YES;
				CLANG_WARN_NON_LITERAL_NULL_CONVERSION = YES;
				CLANG_WARN_OBJC_IMPLICIT_RETAIN_SELF = YES;
				CLANG_WARN_OBJC_LITERAL_CONVERSION = YES;
				CLANG_WARN_OBJC_ROOT_CLASS = YES_ERROR;
				CLANG_WARN_QUOTED_INCLUDE_IN_FRAMEWORK_HEADER = YES;
				CLANG_WARN_RANGE_LOOP_ANALYSIS = YES;
				CLANG_WARN_STRICT_PROTOTYPES = YES;
				CLANG_WARN_SUSPICIOUS_MOVE = YES;
				CLANG_WARN_UNGUARDED_AVAILABILITY = YES_AGGRESSIVE;
				CLANG_WARN_UNREACHABLE_CODE = YES;
				CLANG_WARN__DUPLICATE_METHOD_MATCH = YES;
				COPY_PHASE_STRIP = NO;
				DEBUG_INFORMATION_FORMAT = "dwarf-with-dsym";
				ENABLE_NS_ASSERTIONS = NO;
				ENABLE_STRICT_OBJC_MSGSEND = YES;
				GCC_C_LANGUAGE_STANDARD = gnu11;
				GCC_NO_COMMON_BLOCKS = YES;
				GCC_WARN_64_TO_32_BIT_CONVERSION = YES;
				GCC_WARN_ABOUT_RETURN_TYPE = YES_ERROR;
				GCC_WARN_UNDECLARED_SELECTOR = YES;
				GCC_WARN_UNINITIALIZED_AUTOS = YES_AGGRESSIVE;
				GCC_WARN_UNUSED_FUNCTION = YES;
				GCC_WARN_UNUSED_VARIABLE = YES;
				IPHONEOS_DEPLOYMENT_TARGET = 15.2;
				MTL_ENABLE_DEBUG_INFO = NO;
				MTL_FAST_MATH = YES;
				SDKROOT = iphoneos;
				SWIFT_COMPILATION_MODE = wholemodule;
				SWIFT_OPTIMIZATION_LEVEL = "-O";
				VALIDATE_PRODUCT = YES;
			};
			name = Release;
		};
		476C31DA279EB25D004D1133 /* Debug */ = {
			isa = XCBuildConfiguration;
			buildSettings = {
				ASSETCATALOG_COMPILER_APPICON_NAME = AppIcon;
				ASSETCATALOG_COMPILER_GLOBAL_ACCENT_COLOR_NAME = AccentColor;
				CODE_SIGN_STYLE = Automatic;
				CURRENT_PROJECT_VERSION = 1;
				DEVELOPMENT_ASSET_PATHS = "\"Braille/Preview Content\"";
				DEVELOPMENT_TEAM = 278BFDM8KA;
				ENABLE_PREVIEWS = YES;
				GENERATE_INFOPLIST_FILE = YES;
				INFOPLIST_FILE = Braille/Info.plist;
				INFOPLIST_KEY_UIApplicationSceneManifest_Generation = YES;
				INFOPLIST_KEY_UIApplicationSupportsIndirectInputEvents = YES;
				INFOPLIST_KEY_UILaunchScreen_Generation = YES;
				INFOPLIST_KEY_UISupportedInterfaceOrientations = UIInterfaceOrientationPortrait;
				INFOPLIST_KEY_UISupportedInterfaceOrientations_iPad = "UIInterfaceOrientationPortrait UIInterfaceOrientationPortraitUpsideDown UIInterfaceOrientationLandscapeLeft UIInterfaceOrientationLandscapeRight";
				INFOPLIST_KEY_UISupportedInterfaceOrientations_iPhone = "UIInterfaceOrientationPortrait UIInterfaceOrientationLandscapeLeft UIInterfaceOrientationLandscapeRight";
				LD_RUNPATH_SEARCH_PATHS = (
					"$(inherited)",
					"@executable_path/Frameworks",
				);
				MARKETING_VERSION = 0.1.0;
				PRODUCT_BUNDLE_IDENTIFIER = com.tastenbraille.iBraille;
				PRODUCT_NAME = iBraille;
				SWIFT_EMIT_LOC_STRINGS = YES;
				SWIFT_VERSION = 5.0;
				TARGETED_DEVICE_FAMILY = 1;
			};
			name = Debug;
		};
		476C31DB279EB25D004D1133 /* Release */ = {
			isa = XCBuildConfiguration;
			buildSettings = {
				ASSETCATALOG_COMPILER_APPICON_NAME = AppIcon;
				ASSETCATALOG_COMPILER_GLOBAL_ACCENT_COLOR_NAME = AccentColor;
				CODE_SIGN_STYLE = Automatic;
				CURRENT_PROJECT_VERSION = 1;
				DEVELOPMENT_ASSET_PATHS = "\"Braille/Preview Content\"";
				DEVELOPMENT_TEAM = 278BFDM8KA;
				ENABLE_PREVIEWS = YES;
				GENERATE_INFOPLIST_FILE = YES;
				INFOPLIST_FILE = Braille/Info.plist;
				INFOPLIST_KEY_UIApplicationSceneManifest_Generation = YES;
				INFOPLIST_KEY_UIApplicationSupportsIndirectInputEvents = YES;
				INFOPLIST_KEY_UILaunchScreen_Generation = YES;
				INFOPLIST_KEY_UISupportedInterfaceOrientations = UIInterfaceOrientationPortrait;
				INFOPLIST_KEY_UISupportedInterfaceOrientations_iPad = "UIInterfaceOrientationPortrait UIInterfaceOrientationPortraitUpsideDown UIInterfaceOrientationLandscapeLeft UIInterfaceOrientationLandscapeRight";
				INFOPLIST_KEY_UISupportedInterfaceOrientations_iPhone = "UIInterfaceOrientationPortrait UIInterfaceOrientationLandscapeLeft UIInterfaceOrientationLandscapeRight";
				LD_RUNPATH_SEARCH_PATHS = (
					"$(inherited)",
					"@executable_path/Frameworks",
				);
				MARKETING_VERSION = 0.1.0;
				PRODUCT_BUNDLE_IDENTIFIER = com.tastenbraille.iBraille;
				PRODUCT_NAME = iBraille;
				SWIFT_EMIT_LOC_STRINGS = YES;
				SWIFT_VERSION = 5.0;
				TARGETED_DEVICE_FAMILY = 1;
			};
			name = Release;
		};
		476C31DD279EB25D004D1133 /* Debug */ = {
			isa = XCBuildConfiguration;
			buildSettings = {
				ALWAYS_EMBED_SWIFT_STANDARD_LIBRARIES = YES;
				BUNDLE_LOADER = "$(TEST_HOST)";
				CODE_SIGN_STYLE = Automatic;
				CURRENT_PROJECT_VERSION = 1;
				DEVELOPMENT_TEAM = 278BFDM8KA;
				GENERATE_INFOPLIST_FILE = YES;
				IPHONEOS_DEPLOYMENT_TARGET = 15.2;
				MARKETING_VERSION = 1.0;
				PRODUCT_BUNDLE_IDENTIFIER = www.tastenbraille.com.BrailleTests;
				PRODUCT_NAME = "$(TARGET_NAME)";
				SWIFT_EMIT_LOC_STRINGS = NO;
				SWIFT_VERSION = 5.0;
				TARGETED_DEVICE_FAMILY = "1,2";
				TEST_HOST = "$(BUILT_PRODUCTS_DIR)/Braille.app/Braille";
			};
			name = Debug;
		};
		476C31DE279EB25D004D1133 /* Release */ = {
			isa = XCBuildConfiguration;
			buildSettings = {
				ALWAYS_EMBED_SWIFT_STANDARD_LIBRARIES = YES;
				BUNDLE_LOADER = "$(TEST_HOST)";
				CODE_SIGN_STYLE = Automatic;
				CURRENT_PROJECT_VERSION = 1;
				DEVELOPMENT_TEAM = 278BFDM8KA;
				GENERATE_INFOPLIST_FILE = YES;
				IPHONEOS_DEPLOYMENT_TARGET = 15.2;
				MARKETING_VERSION = 1.0;
				PRODUCT_BUNDLE_IDENTIFIER = www.tastenbraille.com.BrailleTests;
				PRODUCT_NAME = "$(TARGET_NAME)";
				SWIFT_EMIT_LOC_STRINGS = NO;
				SWIFT_VERSION = 5.0;
				TARGETED_DEVICE_FAMILY = "1,2";
				TEST_HOST = "$(BUILT_PRODUCTS_DIR)/Braille.app/Braille";
			};
			name = Release;
		};
		476C31E0279EB25D004D1133 /* Debug */ = {
			isa = XCBuildConfiguration;
			buildSettings = {
				ALWAYS_EMBED_SWIFT_STANDARD_LIBRARIES = YES;
				CODE_SIGN_STYLE = Automatic;
				CURRENT_PROJECT_VERSION = 1;
				DEVELOPMENT_TEAM = 278BFDM8KA;
				GENERATE_INFOPLIST_FILE = YES;
				MARKETING_VERSION = 1.0;
				PRODUCT_BUNDLE_IDENTIFIER = www.tastenbraille.com.BrailleUITests;
				PRODUCT_NAME = "$(TARGET_NAME)";
				SWIFT_EMIT_LOC_STRINGS = NO;
				SWIFT_VERSION = 5.0;
				TARGETED_DEVICE_FAMILY = "1,2";
				TEST_TARGET_NAME = Braille;
			};
			name = Debug;
		};
		476C31E1279EB25D004D1133 /* Release */ = {
			isa = XCBuildConfiguration;
			buildSettings = {
				ALWAYS_EMBED_SWIFT_STANDARD_LIBRARIES = YES;
				CODE_SIGN_STYLE = Automatic;
				CURRENT_PROJECT_VERSION = 1;
				DEVELOPMENT_TEAM = 278BFDM8KA;
				GENERATE_INFOPLIST_FILE = YES;
				MARKETING_VERSION = 1.0;
				PRODUCT_BUNDLE_IDENTIFIER = www.tastenbraille.com.BrailleUITests;
				PRODUCT_NAME = "$(TARGET_NAME)";
				SWIFT_EMIT_LOC_STRINGS = NO;
				SWIFT_VERSION = 5.0;
				TARGETED_DEVICE_FAMILY = "1,2";
				TEST_TARGET_NAME = Braille;
			};
			name = Release;
		};
/* End XCBuildConfiguration section */

/* Begin XCConfigurationList section */
		476C31B0279EB25C004D1133 /* Build configuration list for PBXProject "Braille" */ = {
			isa = XCConfigurationList;
			buildConfigurations = (
				476C31D7279EB25D004D1133 /* Debug */,
				476C31D8279EB25D004D1133 /* Release */,
			);
			defaultConfigurationIsVisible = 0;
			defaultConfigurationName = Release;
		};
		476C31D9279EB25D004D1133 /* Build configuration list for PBXNativeTarget "Braille" */ = {
			isa = XCConfigurationList;
			buildConfigurations = (
				476C31DA279EB25D004D1133 /* Debug */,
				476C31DB279EB25D004D1133 /* Release */,
			);
			defaultConfigurationIsVisible = 0;
			defaultConfigurationName = Release;
		};
		476C31DC279EB25D004D1133 /* Build configuration list for PBXNativeTarget "BrailleTests" */ = {
			isa = XCConfigurationList;
			buildConfigurations = (
				476C31DD279EB25D004D1133 /* Debug */,
				476C31DE279EB25D004D1133 /* Release */,
			);
			defaultConfigurationIsVisible = 0;
			defaultConfigurationName = Release;
		};
		476C31DF279EB25D004D1133 /* Build configuration list for PBXNativeTarget "BrailleUITests" */ = {
			isa = XCConfigurationList;
			buildConfigurations = (
				476C31E0279EB25D004D1133 /* Debug */,
				476C31E1279EB25D004D1133 /* Release */,
			);
			defaultConfigurationIsVisible = 0;
			defaultConfigurationName = Release;
		};
/* End XCConfigurationList section */

/* Begin XCRemoteSwiftPackageReference section */
		471D583E2804550B00230C4D /* XCRemoteSwiftPackageReference "iTextField" */ = {
			isa = XCRemoteSwiftPackageReference;
			repositoryURL = "https://github.com/benjaminsage/iTextField";
			requirement = {
				kind = upToNextMajorVersion;
				minimumVersion = 0.0.8;
			};
		};
		471D58412804553D00230C4D /* XCRemoteSwiftPackageReference "SwiftUIX" */ = {
			isa = XCRemoteSwiftPackageReference;
			repositoryURL = "https://github.com/SwiftUIX/SwiftUIX";
			requirement = {
				kind = upToNextMajorVersion;
				minimumVersion = 0.1.2;
			};
		};
		47243F672804354D0052C0EA /* XCRemoteSwiftPackageReference "iTextField" */ = {
			isa = XCRemoteSwiftPackageReference;
			repositoryURL = "https://github.com/benjaminsage/iTextField";
			requirement = {
				kind = upToNextMajorVersion;
				minimumVersion = 0.0.8;
			};
		};
/* End XCRemoteSwiftPackageReference section */

/* Begin XCSwiftPackageProductDependency section */
		471D583F2804550B00230C4D /* iTextField */ = {
			isa = XCSwiftPackageProductDependency;
			package = 47243F672804354D0052C0EA /* XCRemoteSwiftPackageReference "iTextField" */;
			productName = iTextField;
		};
		471D58422804553D00230C4D /* SwiftUIX */ = {
			isa = XCSwiftPackageProductDependency;
			package = 471D58412804553D00230C4D /* XCRemoteSwiftPackageReference "SwiftUIX" */;
			productName = SwiftUIX;
		};
		47243F682804354D0052C0EA /* iTextField */ = {
			isa = XCSwiftPackageProductDependency;
			package = 47243F672804354D0052C0EA /* XCRemoteSwiftPackageReference "iTextField" */;
			productName = iTextField;
		};
/* End XCSwiftPackageProductDependency section */
	};
	rootObject = 476C31AD279EB25C004D1133 /* Project object */;
}
